
Microsoft Visual Studio Solution File, Format Version 12.00
# Visual Studio 15
VisualStudioVersion = 15.0.26430.14
MinimumVisualStudioVersion = 10.0.40219.1
Project("{FAE04EC0-301F-11D3-BF4B-00C04F79EFBC}") = "CAD", "CAD\CAD.csproj", "{3873F98D-0690-4B27-B1E5-4263785E71FE}"
EndProject
Global
	GlobalSection(SolutionConfigurationPlatforms) = preSolution
		Debug|Any CPU = Debug|Any CPU
		Release|Any CPU = Release|Any CPU
	EndGlobalSection
	GlobalSection(ProjectConfigurationPlatforms) = postSolution
		{3873F98D-0690-4B27-B1E5-4263785E71FE}.Debug|Any CPU.ActiveCfg = Debug|Any CPU
		{3873F98D-0690-4B27-B1E5-4263785E71FE}.Debug|Any CPU.Build.0 = Debug|Any CPU
		{3873F98D-0690-4B27-B1E5-4263785E71FE}.Release|Any CPU.ActiveCfg = Release|Any CPU
		{3873F98D-0690-4B27-B1E5-4263785E71FE}.Release|Any CPU.Build.0 = Release|Any CPU
	EndGlobalSection
	GlobalSection(SolutionProperties) = preSolution
		HideSolutionNode = FALSE
	EndGlobalSection
EndGlobal
